github.com/go-ozzo/ozzo-validation v3.6.0+incompatible h1:msy24VGS42fKO9K1vLz82/GeYW1cILu7Nuuj1N3BBkE=
github.com/go-ozzo/ozzo-validation v3.6.0+incompatible/go.mod h1:gsEKFIVnabGBt6mXmxK0MoFy+cZoTJY6mu5Ll3LVLBU=
github.com/google/uuid v1.6.0 h1:NIvaJDMOsjHA8n1jAhLSgzrAzy1Hgr+hNrb57e+94F0=
github.com/google/uuid v1.6.0/go.mod h1:TIyPZe4MgqvfeYDBFedMoGGpEw/LqOeaOT+nhxU+yHo=
github.com/leandroluk/go/cqrs v0.1.0 h1:adwnz3lsJ2UHQ7C7D7q7VfTuFuO4dAjYNgnWvARfQlc=
github.com/leandroluk/go/cqrs v0.1.0/go.mod h1:FTzmBjGlvAuSQ6J3RZf7KINaL18V0tyYTwIM+nHW0+w=
github.com/leandroluk/go/di v0.1.0 h1:x90FGvFrS/zfuc4cbOv1SRVtuYVkCQNV1H0/d75lFms=
github.com/leandroluk/go/di v0.1.0/go.mod h1:q8V8XglOHzqTyu7H42wxNOc+xQLf2JiiOe+SIOpUEWE=
github.com/leandroluk/go/env v0.1.0 h1:f8JeokIyfCfXx6RBH8khaW2d62qP+2ywH2uRsuS9XE0=
github.com/leandroluk/go/env v0.1.0/go.mod h1:y6VdAY+5rrOAbfbEwiCLLo9B4SlwJ6oCmv1mf/uxAXo=
github.com/leandroluk/go/meta v0.1.0 h1:8YidaVFB8KR6n44L7EPh9tWHS4sh8eb/sQArc1mpAI4=
github.com/leandroluk/go/meta v0.1.0/go.mod h1:Oo/Kw+RK0nJH35wTkiiQTuSOgyTaajicAEHyGrNWtQY=
github.com/leandroluk/go/mut v0.1.0 h1:LUcjHygt3v8LwLi0DwcSJ+avrv1zCmBDjXX5fgr0GbE=
github.com/leandroluk/go/mut v0.1.0/go.mod h1:u2QdoD+h59mYtGFvSYLEeXV6JYAXF5Fh1cHrvVJBgd8=
github.com/leandroluk/go/oas v0.1.0/go.mod h1:h2K88f/iuzvB+aU9rYXlmRSbZGmSCXqv8t6qKjwujB0=
github.com/leandroluk/go/search v0.1.0/go.mod h1:nH60x0etFR/UWi1F/JpEHr2PNYWMrZ6Qp6x0yDk8FgM=
github.com/leandroluk/go/set v0.1.0/go.mod h1:zqcIWtdo0TrociDmwIUc2WIrKOjngug5lJQ0owVy9aU=
github.com/leandroluk/go/validator v0.1.0/go.mod h1:1aVgn1VUjS8xoeW5wRo1ZdvZWwH/XaLIwiyMNLyg23k=
